{
  "name": "colorful-phish",
  "version": "1.0.0",
  "lockfileVersion": 1,
  "requires": true,
  "dependencies": {
    "cafezinho": {
      "version": "1.0.0",
      "resolved": "https://registry.npmjs.org/cafezinho/-/cafezinho-1.0.0.tgz",
      "integrity": "sha512-z558YctgHHeibx0JKPBQj18fibJLfSNCy6azLd7GKWvcfvZOm9xblLjPHXL0Trft6lDPFz7/UElCjcqaftP0Yg==",
      "dev": true
    }
  }
}
